<?xml version="1.0" encoding="utf-8"?>
<Project ToolsVersion="4.0" xmlns="http://schemas.microsoft.com/developer/msbuild/2003">
  <ItemGroup>
    <Filter Include="Source Files">
      <UniqueIdentifier>{4FC737F1-C7A5-4376-A066-2A32D752A2FF}</UniqueIdentifier>
      <Extensions>cpp;c;cc;cxx;c++;cppm;ixx;def;odl;idl;hpj;bat;asm;asmx</Extensions>
    </Filter>
    <Filter Include="Header Files">
      <UniqueIdentifier>{93995380-89BD-4b04-88EB-625FBE52EBFB}</UniqueIdentifier>
      <Extensions>h;hh;hpp;hxx;h++;hm;inl;inc;ipp;xsd</Extensions>
    </Filter>
    <Filter Include="Resource Files">
      <UniqueIdentifier>{67DA6AB6-F800-4c08-8B7A-83BB121AAD01}</UniqueIdentifier>
      <Extensions>rc;ico;cur;bmp;dlg;rc2;rct;bin;rgs;gif;jpg;jpeg;jpe;resx;tiff;tif;png;wav;mfcribbon-ms</Extensions>
    </Filter>
    <Filter Include="Header Files\Enums">
      <UniqueIdentifier>{e8391347-9ac6-4e2a-927d-055343d54723}</UniqueIdentifier>
    </Filter>
    <Filter Include="Header Files\Constants">
      <UniqueIdentifier>{4ae7c488-d26d-475e-9c1c-7e99d7175ac2}</UniqueIdentifier>
    </Filter>
    <Filter Include="Header Files\MainLoop">
      <UniqueIdentifier>{03c8a8ef-be58-4a83-807a-e8d3479dfe23}</UniqueIdentifier>
    </Filter>
    <Filter Include="Source Files\MainLoop">
      <UniqueIdentifier>{39f4981e-4c86-443a-b1c3-d99a82d0d1c5}</UniqueIdentifier>
    </Filter>
    <Filter Include="Resource Files\textures">
      <UniqueIdentifier>{aa1ea140-c5ff-4fae-b554-8a770f18aaa7}</UniqueIdentifier>
    </Filter>
    <Filter Include="Header Files\Handlers">
      <UniqueIdentifier>{df0356b5-1347-45e7-85e7-c39e8bd5cc64}</UniqueIdentifier>
    </Filter>
    <Filter Include="Source Files\Handlers">
      <UniqueIdentifier>{a79ba936-f3fb-4838-b796-715dbe3dcdf6}</UniqueIdentifier>
    </Filter>
    <Filter Include="Resource Files\textures\placeholders">
      <UniqueIdentifier>{7f23a4cf-ea8f-43a3-8de0-16628f10052f}</UniqueIdentifier>
    </Filter>
    <Filter Include="Resource Files\textures\placeholders\levels">
      <UniqueIdentifier>{c27aed5c-008b-45a1-8b8d-6e58c639dc5c}</UniqueIdentifier>
    </Filter>
    <Filter Include="Resource Files\textures\placeholders\gameplay">
      <UniqueIdentifier>{1a9ef42b-4f38-4659-a088-f644da5e1e48}</UniqueIdentifier>
    </Filter>
    <Filter Include="Resource Files\textures\placeholders\screens">
      <UniqueIdentifier>{3802e003-7ef2-4cbb-b346-6b1e9a887642}</UniqueIdentifier>
    </Filter>
    <Filter Include="Source Files\GameObjects">
      <UniqueIdentifier>{2049471b-a901-4f2f-83f7-4ccd4ec407bb}</UniqueIdentifier>
    </Filter>
    <Filter Include="Source Files\GameObjects\Players">
      <UniqueIdentifier>{3026612b-5867-48b2-84bc-5a786e8e7dd0}</UniqueIdentifier>
    </Filter>
    <Filter Include="Header Files\GameObjects">
      <UniqueIdentifier>{a49768c9-8e0a-4a84-b70b-7157c1cc7ee3}</UniqueIdentifier>
    </Filter>
    <Filter Include="Header Files\GameObjects\Players">
      <UniqueIdentifier>{064a79de-0b95-4965-88de-11712740acc2}</UniqueIdentifier>
    </Filter>
  </ItemGroup>
  <ItemGroup>
    <ClInclude Include="include\Enums\Commands.h">
      <Filter>Header Files\Enums</Filter>
    </ClInclude>
    <ClInclude Include="include\Enums\GameStates.h">
      <Filter>Header Files\Enums</Filter>
    </ClInclude>
    <ClInclude Include="include\MainLoop\Game.hpp">
      <Filter>Header Files\MainLoop</Filter>
    </ClInclude>
    <ClInclude Include="include\Constants\Constants.hpp">
      <Filter>Header Files\Constants</Filter>
    </ClInclude>
    <ClInclude Include="include\Handlers\AssetHandler.hpp">
      <Filter>Header Files\Handlers</Filter>
    </ClInclude>
    <ClInclude Include="include\Handlers\UIHandler.hpp">
      <Filter>Header Files\Handlers</Filter>
    </ClInclude>
    <ClInclude Include="include\Handlers\InputHandler.hpp">
      <Filter>Header Files\Handlers</Filter>
    </ClInclude>
    <ClInclude Include="include\Enums\PlayerId.h">
      <Filter>Header Files\Enums</Filter>
    </ClInclude>
    <ClInclude Include="include\GameObjects\GameObjects.hpp">
      <Filter>Header Files\GameObjects</Filter>
    </ClInclude>
  </ItemGroup>
  <ItemGroup>
    <ClCompile Include="src\MainLoop\Game.cpp">
      <Filter>Source Files\MainLoop</Filter>
    </ClCompile>
    <ClCompile Include="src\MainLoop\main.cpp">
      <Filter>Source Files\MainLoop</Filter>
    </ClCompile>
    <ClCompile Include="src\Handlers\AssetHandler.cpp">
      <Filter>Source Files\Handlers</Filter>
    </ClCompile>
    <ClCompile Include="src\Handlers\UIHandler.cpp">
      <Filter>Source Files\Handlers</Filter>
    </ClCompile>
    <ClCompile Include="src\Handlers\InputHandler.cpp">
      <Filter>Source Files\Handlers</Filter>
    </ClCompile>
    <ClCompile Include="src\GameObjects\GameObjects.cpp">
      <Filter>Source Files\GameObjects</Filter>
    </ClCompile>
  </ItemGroup>
  <ItemGroup>
    <Image Include="resources\textures\default.jpeg">
      <Filter>Resource Files\textures</Filter>
    </Image>
    <Image Include="resources\textures\placeholders\levels\11_Castle_PH.jpg">
      <Filter>Resource Files\textures\placeholders\levels</Filter>
    </Image>
    <Image Include="resources\textures\placeholders\levels\4_CliffsidePath_PH.jpg">
      <Filter>Resource Files\textures\placeholders\levels</Filter>
    </Image>
    <Image Include="resources\textures\placeholders\levels\1_Cottage_PH.jpg">
      <Filter>Resource Files\textures\placeholders\levels</Filter>
    </Image>
    <Image Include="resources\textures\placeholders\levels\5_EnemyCamp1_PH.jpg">
      <Filter>Resource Files\textures\placeholders\levels</Filter>
    </Image>
    <Image Include="resources\textures\placeholders\levels\7_EnemyCamp2_PH.jpg">
      <Filter>Resource Files\textures\placeholders\levels</Filter>
    </Image>
    <Image Include="resources\textures\placeholders\levels\9_EnemyCamp3_PH.jpg">
      <Filter>Resource Files\textures\placeholders\levels</Filter>
    </Image>
    <Image Include="resources\textures\placeholders\levels\2_ForestPath_PH.jpg">
      <Filter>Resource Files\textures\placeholders\levels</Filter>
    </Image>
    <Image Include="resources\textures\placeholders\levels\3_Lighthouse_PH.jpg">
      <Filter>Resource Files\textures\placeholders\levels</Filter>
    </Image>
    <Image Include="resources\textures\placeholders\levels\8_MtnPeaks_PH.jpg">
      <Filter>Resource Files\textures\placeholders\levels</Filter>
    </Image>
    <Image Include="resources\textures\placeholders\levels\10_SeaCaves_PH.jpg">
      <Filter>Resource Files\textures\placeholders\levels</Filter>
    </Image>
    <Image Include="resources\textures\placeholders\levels\6_SnowForest_PH.jpg">
      <Filter>Resource Files\textures\placeholders\levels</Filter>
    </Image>
    <Image Include="resources\textures\placeholders\gameplay\1_Inventory_PH.jpg">
      <Filter>Resource Files\textures\placeholders\gameplay</Filter>
    </Image>
    <Image Include="resources\textures\placeholders\gameplay\5_Knockout_PH.jpg">
      <Filter>Resource Files\textures\placeholders\gameplay</Filter>
    </Image>
    <Image Include="resources\textures\placeholders\gameplay\4_SecretShop_PH.jpg">
      <Filter>Resource Files\textures\placeholders\gameplay</Filter>
    </Image>
    <Image Include="resources\textures\placeholders\gameplay\2_Shop1_PH.jpg">
      <Filter>Resource Files\textures\placeholders\gameplay</Filter>
    </Image>
    <Image Include="resources\textures\placeholders\gameplay\3_Shop2_PH.jpg">
      <Filter>Resource Files\textures\placeholders\gameplay</Filter>
    </Image>
    <Image Include="resources\textures\placeholders\screens\8_Credits_PH.jpg">
      <Filter>Resource Files\textures\placeholders\screens</Filter>
    </Image>
    <Image Include="resources\textures\placeholders\screens\7_GameEnd_PH.jpg">
      <Filter>Resource Files\textures\placeholders\screens</Filter>
    </Image>
    <Image Include="resources\textures\placeholders\screens\2_InitObjects_PH.jpg">
      <Filter>Resource Files\textures\placeholders\screens</Filter>
    </Image>
    <Image Include="resources\textures\placeholders\screens\1_LoadingTextures_PH.jpg">
      <Filter>Resource Files\textures\placeholders\screens</Filter>
    </Image>
    <Image Include="resources\textures\placeholders\screens\5_Pause_PH.jpg">
      <Filter>Resource Files\textures\placeholders\screens</Filter>
    </Image>
    <Image Include="resources\textures\placeholders\screens\6_Settings_PH.jpg">
      <Filter>Resource Files\textures\placeholders\screens</Filter>
    </Image>
    <Image Include="resources\textures\placeholders\screens\3_StartMenu_PH.jpg">
      <Filter>Resource Files\textures\placeholders\screens</Filter>
    </Image>
    <Image Include="resources\textures\placeholders\screens\4_Gameplay_PH.jpg">
      <Filter>Resource Files\textures\placeholders\screens</Filter>
    </Image>
  </ItemGroup>
</Project>