<?xml version="1.0" encoding="utf-8"?>
<Project ToolsVersion="4.0" xmlns="http://schemas.microsoft.com/developer/msbuild/2003">
  <ItemGroup>
    <Filter Include="Source Files">
      <UniqueIdentifier>{4FC737F1-C7A5-4376-A066-2A32D752A2FF}</UniqueIdentifier>
      <Extensions>cpp;c;cc;cxx;c++;cppm;ixx;def;odl;idl;hpj;bat;asm;asmx</Extensions>
    </Filter>
    <Filter Include="Header Files">
      <UniqueIdentifier>{93995380-89BD-4b04-88EB-625FBE52EBFB}</UniqueIdentifier>
      <Extensions>h;hh;hpp;hxx;h++;hm;inl;inc;ipp;xsd</Extensions>
    </Filter>
    <Filter Include="Resource Files">
      <UniqueIdentifier>{67DA6AB6-F800-4c08-8B7A-83BB121AAD01}</UniqueIdentifier>
      <Extensions>rc;ico;cur;bmp;dlg;rc2;rct;bin;rgs;gif;jpg;jpeg;jpe;resx;tiff;tif;png;wav;mfcribbon-ms</Extensions>
    </Filter>
    <Filter Include="Header Files\Enums">
      <UniqueIdentifier>{e8391347-9ac6-4e2a-927d-055343d54723}</UniqueIdentifier>
    </Filter>
    <Filter Include="Header Files\Constants">
      <UniqueIdentifier>{4ae7c488-d26d-475e-9c1c-7e99d7175ac2}</UniqueIdentifier>
    </Filter>
    <Filter Include="Header Files\MainLoop">
      <UniqueIdentifier>{03c8a8ef-be58-4a83-807a-e8d3479dfe23}</UniqueIdentifier>
    </Filter>
    <Filter Include="Source Files\MainLoop">
      <UniqueIdentifier>{39f4981e-4c86-443a-b1c3-d99a82d0d1c5}</UniqueIdentifier>
    </Filter>
    <Filter Include="Resource Files\textures">
      <UniqueIdentifier>{aa1ea140-c5ff-4fae-b554-8a770f18aaa7}</UniqueIdentifier>
    </Filter>
  </ItemGroup>
  <ItemGroup>
    <ClInclude Include="include\Enums\Commands.h">
      <Filter>Header Files\Enums</Filter>
    </ClInclude>
    <ClInclude Include="include\Enums\GameStates.h">
      <Filter>Header Files\Enums</Filter>
    </ClInclude>
    <ClInclude Include="include\MainLoop\Game.hpp">
      <Filter>Header Files\MainLoop</Filter>
    </ClInclude>
    <ClInclude Include="include\Constants\Constants.hpp">
      <Filter>Header Files\Constants</Filter>
    </ClInclude>
    <ClInclude Include="include\AssetLoader.hpp">
      <Filter>Header Files</Filter>
    </ClInclude>
    <ClInclude Include="include\GameObjects.hpp">
      <Filter>Header Files</Filter>
    </ClInclude>
  </ItemGroup>
  <ItemGroup>
    <ClCompile Include="src\MainLoop\Game.cpp">
      <Filter>Source Files\MainLoop</Filter>
    </ClCompile>
    <ClCompile Include="src\MainLoop\main.cpp">
      <Filter>Source Files\MainLoop</Filter>
    </ClCompile>
    <ClCompile Include="src\AssetLoader.cpp">
      <Filter>Source Files</Filter>
    </ClCompile>
    <ClCompile Include="src\GameObjects.cpp">
      <Filter>Source Files</Filter>
    </ClCompile>
  </ItemGroup>
  <ItemGroup>
    <Image Include="resources\textures\default.jpeg">
      <Filter>Resource Files\textures</Filter>
    </Image>
  </ItemGroup>
</Project>